
Microsoft Visual Studio Solution File, Format Version 12.00
# Visual Studio 14
VisualStudioVersion = 14.0.25420.1
MinimumVisualStudioVersion = 10.0.40219.1
Project("{FAE04EC0-301F-11D3-BF4B-00C04F79EFBC}") = "12_MiPromedio", "12_MiPromedio\12_MiPromedio.csproj", "{BED044DE-AEFF-4758-8CD6-7BF5A717208A}"
EndProject
Global
	GlobalSection(SolutionConfigurationPlatforms) = preSolution
		Debug|Any CPU = Debug|Any CPU
		Release|Any CPU = Release|Any CPU
	EndGlobalSection
	GlobalSection(ProjectConfigurationPlatforms) = postSolution
		{BED044DE-AEFF-4758-8CD6-7BF5A717208A}.Debug|Any CPU.ActiveCfg = Debug|Any CPU
		{BED044DE-AEFF-4758-8CD6-7BF5A717208A}.Debug|Any CPU.Build.0 = Debug|Any CPU
		{BED044DE-AEFF-4758-8CD6-7BF5A717208A}.Release|Any CPU.ActiveCfg = Release|Any CPU
		{BED044DE-AEFF-4758-8CD6-7BF5A717208A}.Release|Any CPU.Build.0 = Release|Any CPU
	EndGlobalSection
	GlobalSection(SolutionProperties) = preSolution
		HideSolutionNode = FALSE
	EndGlobalSection
EndGlobal
